
Microsoft Visual Studio Solution File, Format Version 12.00
# Visual Studio 15
VisualStudioVersion = 15.0.28307.168
MinimumVisualStudioVersion = 10.0.40219.1
Project("{FAE04EC0-301F-11D3-BF4B-00C04F79EFBC}") = "MinHeap - SJ", "MinHeap - SJ\MinHeap - SJ.csproj", "{E43F52B0-7531-4199-A0FF-1C38056563B5}"
EndProject
Global
	GlobalSection(SolutionConfigurationPlatforms) = preSolution
		Debug|Any CPU = Debug|Any CPU
		Release|Any CPU = Release|Any CPU
	EndGlobalSection
	GlobalSection(ProjectConfigurationPlatforms) = postSolution
		{E43F52B0-7531-4199-A0FF-1C38056563B5}.Debug|Any CPU.ActiveCfg = Debug|Any CPU
		{E43F52B0-7531-4199-A0FF-1C38056563B5}.Debug|Any CPU.Build.0 = Debug|Any CPU
		{E43F52B0-7531-4199-A0FF-1C38056563B5}.Release|Any CPU.ActiveCfg = Release|Any CPU
		{E43F52B0-7531-4199-A0FF-1C38056563B5}.Release|Any CPU.Build.0 = Release|Any CPU
	EndGlobalSection
	GlobalSection(SolutionProperties) = preSolution
		HideSolutionNode = FALSE
	EndGlobalSection
	GlobalSection(ExtensibilityGlobals) = postSolution
		SolutionGuid = {81DF6879-6DB4-4438-B404-55C6B7637ED6}
	EndGlobalSection
EndGlobal
